
Microsoft Visual Studio Solution File, Format Version 12.00
# Visual Studio Version 16
VisualStudioVersion = 16.0.31112.23
MinimumVisualStudioVersion = 10.0.40219.1
Project("{FAE04EC0-301F-11D3-BF4B-00C04F79EFBC}") = "kurs_23112021_45_Method_Example_2", "kurs_23112021_45_Method_Example_2\kurs_23112021_45_Method_Example_2.csproj", "{E53BC3E2-3771-4BCD-8443-22833A693F43}"
EndProject
Global
	GlobalSection(SolutionConfigurationPlatforms) = preSolution
		Debug|Any CPU = Debug|Any CPU
		Release|Any CPU = Release|Any CPU
	EndGlobalSection
	GlobalSection(ProjectConfigurationPlatforms) = postSolution
		{E53BC3E2-3771-4BCD-8443-22833A693F43}.Debug|Any CPU.ActiveCfg = Debug|Any CPU
		{E53BC3E2-3771-4BCD-8443-22833A693F43}.Debug|Any CPU.Build.0 = Debug|Any CPU
		{E53BC3E2-3771-4BCD-8443-22833A693F43}.Release|Any CPU.ActiveCfg = Release|Any CPU
		{E53BC3E2-3771-4BCD-8443-22833A693F43}.Release|Any CPU.Build.0 = Release|Any CPU
	EndGlobalSection
	GlobalSection(SolutionProperties) = preSolution
		HideSolutionNode = FALSE
	EndGlobalSection
	GlobalSection(ExtensibilityGlobals) = postSolution
		SolutionGuid = {84DA9E18-DE6C-4878-8A1C-5C82B669A2DE}
	EndGlobalSection
EndGlobal
